
Microsoft Visual Studio Solution File, Format Version 12.00
# Visual Studio Version 17
VisualStudioVersion = 17.4.33213.308
MinimumVisualStudioVersion = 10.0.40219.1
Project("{FAE04EC0-301F-11D3-BF4B-00C04F79EFBC}") = "CleanCodeAPI", "CleanCodeAPI\CleanCodeAPI.csproj", "{3A47C274-D5B8-489E-89F7-DF5B446CC0E9}"
EndProject
Project("{FAE04EC0-301F-11D3-BF4B-00C04F79EFBC}") = "AOPBussinessLayer", "AOPBussinessLayer\AOPBussinessLayer.csproj", "{C383FDF3-DB31-4F52-93E1-6EF5C6922667}"
EndProject
Global
	GlobalSection(SolutionConfigurationPlatforms) = preSolution
		Debug|Any CPU = Debug|Any CPU
		Release|Any CPU = Release|Any CPU
	EndGlobalSection
	GlobalSection(ProjectConfigurationPlatforms) = postSolution
		{3A47C274-D5B8-489E-89F7-DF5B446CC0E9}.Debug|Any CPU.ActiveCfg = Debug|Any CPU
		{3A47C274-D5B8-489E-89F7-DF5B446CC0E9}.Debug|Any CPU.Build.0 = Debug|Any CPU
		{3A47C274-D5B8-489E-89F7-DF5B446CC0E9}.Release|Any CPU.ActiveCfg = Release|Any CPU
		{3A47C274-D5B8-489E-89F7-DF5B446CC0E9}.Release|Any CPU.Build.0 = Release|Any CPU
		{C383FDF3-DB31-4F52-93E1-6EF5C6922667}.Debug|Any CPU.ActiveCfg = Debug|Any CPU
		{C383FDF3-DB31-4F52-93E1-6EF5C6922667}.Debug|Any CPU.Build.0 = Debug|Any CPU
		{C383FDF3-DB31-4F52-93E1-6EF5C6922667}.Release|Any CPU.ActiveCfg = Release|Any CPU
		{C383FDF3-DB31-4F52-93E1-6EF5C6922667}.Release|Any CPU.Build.0 = Release|Any CPU
	EndGlobalSection
	GlobalSection(SolutionProperties) = preSolution
		HideSolutionNode = FALSE
	EndGlobalSection
	GlobalSection(ExtensibilityGlobals) = postSolution
		SolutionGuid = {117C8276-9457-4A29-94F6-9B5DE3EE088F}
	EndGlobalSection
EndGlobal
